{
  "pins" : [
    {
      "identity" : "maplibre-gl-native-distribution",
      "kind" : "remoteSourceControl",
      "location" : "https://github.com/maplibre/maplibre-gl-native-distribution",
      "state" : {
        "revision" : "0edf46449e7cc888c7a4d7ed403461915137604b",
        "version" : "6.19.3"
      }
    }
  ],
  "version" : 2
}
